# THIS IS AN AUTOGENERATED FILE. DO NOT EDIT THIS FILE DIRECTLY.
# yarn lockfile v1


ansi-regex@^2.1.1:
  version "2.1.1"
  resolved "https://registry.yarnpkg.com/ansi-regex/-/ansi-regex-2.1.1.tgz#c3b33ab5ee360d86e0e628f0468ae7ef27d654df"

ansi-styles@^3.0.0:
  version "3.0.0"
  resolved "https://registry.yarnpkg.com/ansi-styles/-/ansi-styles-3.0.0.tgz#5404e93a544c4fec7f048262977bebfe3155e0c1"
  dependencies:
    color-convert "^1.0.0"

color-convert@^1.0.0:
  version "1.9.0"
  resolved "https://registry.yarnpkg.com/color-convert/-/color-convert-1.9.0.tgz#1accf97dd739b983bf994d56fec8f95853641b7a"
  dependencies:
    color-name "^1.1.1"

color-name@^1.1.1:
  version "1.1.2"
  resolved "https://registry.yarnpkg.com/color-name/-/color-name-1.1.2.tgz#5c8ab72b64bd2215d617ae9559ebb148475cf98d"

flow-bin@^0.46.0:
  version "0.46.0"
  resolved "https://registry.yarnpkg.com/flow-bin/-/flow-bin-0.46.0.tgz#06ad7fe19dddb1042264438064a2a32fee12b872"

pretty-format-ast@^1.0.0:
  version "1.0.0"
  resolved "https://registry.yarnpkg.com/pretty-format-ast/-/pretty-format-ast-1.0.0.tgz#0da501e439125741971a47bc442dc6768951d5fe"

pretty-format@^20.0.3:
  version "20.0.3"
  resolved "https://registry.yarnpkg.com/pretty-format/-/pretty-format-20.0.3.tgz#020e350a560a1fe1a98dc3beb6ccffb386de8b14"
  dependencies:
    ansi-regex "^2.1.1"
    ansi-styles "^3.0.0"
