# THIS IS AN AUTOGENERATED FILE. DO NOT EDIT THIS FILE DIRECTLY.
# yarn lockfile v1


ansi-styles@^3.0.0:
  version "3.0.0"
  resolved "https://registry.yarnpkg.com/ansi-styles/-/ansi-styles-3.0.0.tgz#5404e93a544c4fec7f048262977bebfe3155e0c1"
  dependencies:
    color-convert "^1.0.0"

color-convert@^1.0.0:
  version "1.9.0"
  resolved "https://registry.yarnpkg.com/color-convert/-/color-convert-1.9.0.tgz#1accf97dd739b983bf994d56fec8f95853641b7a"
  dependencies:
    color-name "^1.1.1"

color-name@^1.1.1:
  version "1.1.2"
  resolved "https://registry.yarnpkg.com/color-name/-/color-name-1.1.2.tgz#5c8ab72b64bd2215d617ae9559ebb148475cf98d"

flow-bin@^0.46.0:
  version "0.46.0"
  resolved "https://registry.yarnpkg.com/flow-bin/-/flow-bin-0.46.0.tgz#06ad7fe19dddb1042264438064a2a32fee12b872"

pretty-format-ast@^1.0.1:
  version "1.0.1"
  resolved "https://registry.yarnpkg.com/pretty-format-ast/-/pretty-format-ast-1.0.1.tgz#1d8cff9adeeaad5376aa80997952a55a2907ca8d"
  dependencies:
    pretty-format2 "^2.0.3"

pretty-format2@^2.0.3:
  version "2.0.3"
  resolved "https://registry.yarnpkg.com/pretty-format2/-/pretty-format2-2.0.3.tgz#a506a3fa2a18ee85aeec9abb60c395b264957363"
  dependencies:
    ansi-styles "^3.0.0"
